
Microsoft Visual Studio Solution File, Format Version 12.00
# Visual Studio Version 17
VisualStudioVersion = 17.4.33110.190
MinimumVisualStudioVersion = 10.0.40219.1
Project("{9A19103F-16F7-4668-BE54-9A1E7A4F7556}") = "DotNetLessons", "DotNetLessons\DotNetLessons.csproj", "{7C1A8B3B-478E-4138-B794-62877ACE6B1D}"
EndProject
Project("{9A19103F-16F7-4668-BE54-9A1E7A4F7556}") = "DeliveryServiceApi.IntegrationTests", "DeliveryServiceApi.IntegrationTests\DeliveryServiceApi.IntegrationTests.csproj", "{E2355E33-5019-4079-9309-7385D9C933AD}"
EndProject
Project("{9A19103F-16F7-4668-BE54-9A1E7A4F7556}") = "Validation", "Validation\Validation.csproj", "{8AF905CA-49A4-47DB-AD2C-3AA10AB5FE46}"
EndProject
Project("{9A19103F-16F7-4668-BE54-9A1E7A4F7556}") = "WorkerService", "WorkerService\WorkerService.csproj", "{9B510E3F-D4FD-4D56-8D79-68EB8A7EC714}"
EndProject
Project("{9A19103F-16F7-4668-BE54-9A1E7A4F7556}") = "SourceGenerator", "SourceGenerator\SourceGenerator.csproj", "{D1DDC8BC-FD9E-4D67-B76A-B80D257B140B}"
EndProject
Project("{9A19103F-16F7-4668-BE54-9A1E7A4F7556}") = "EntityFrameworkDB", "EntityFrameworkDB\EntityFrameworkDB.csproj", "{0CD22056-BAB0-45CC-95CD-EF7527F17063}"
EndProject
Project("{9A19103F-16F7-4668-BE54-9A1E7A4F7556}") = "UseHealthCheck", "UseHealthCheck\UseHealthCheck.csproj", "{F213EDAA-9689-487E-A616-5DD8671618DC}"
EndProject
Project("{9A19103F-16F7-4668-BE54-9A1E7A4F7556}") = "UseCorsProject", "UseCorsProject\UseCorsProject.csproj", "{9B2473B1-E01B-4254-8A9C-D9EABF002499}"
EndProject
Project("{9A19103F-16F7-4668-BE54-9A1E7A4F7556}") = "UseCorsProjectTest", "UseCorsProjectTest\UseCorsProjectTest.csproj", "{169AA89A-C977-4B71-9950-DBA7940A46CB}"
EndProject
Project("{9A19103F-16F7-4668-BE54-9A1E7A4F7556}") = "URLRewritingProject", "URLRewritingProject\URLRewritingProject.csproj", "{10619AD3-BD78-4097-BA48-8E7E730B019A}"
EndProject
Project("{9A19103F-16F7-4668-BE54-9A1E7A4F7556}") = "UseMVCProject", "UseControllersProject\UseMVCProject.csproj", "{42081E08-0062-4A3D-BACB-D53248CDBAAF}"
EndProject
Project("{9A19103F-16F7-4668-BE54-9A1E7A4F7556}") = "MonitoringHealthCheckObjects", "HealthCheckObjects\MonitoringHealthCheckObjects.csproj", "{996E14C8-5569-438D-907C-3D1FA463720A}"
EndProject
Global
	GlobalSection(SolutionConfigurationPlatforms) = preSolution
		Debug|Any CPU = Debug|Any CPU
		Release|Any CPU = Release|Any CPU
	EndGlobalSection
	GlobalSection(ProjectConfigurationPlatforms) = postSolution
		{7C1A8B3B-478E-4138-B794-62877ACE6B1D}.Debug|Any CPU.ActiveCfg = Debug|Any CPU
		{7C1A8B3B-478E-4138-B794-62877ACE6B1D}.Debug|Any CPU.Build.0 = Debug|Any CPU
		{7C1A8B3B-478E-4138-B794-62877ACE6B1D}.Release|Any CPU.ActiveCfg = Release|Any CPU
		{7C1A8B3B-478E-4138-B794-62877ACE6B1D}.Release|Any CPU.Build.0 = Release|Any CPU
		{E2355E33-5019-4079-9309-7385D9C933AD}.Debug|Any CPU.ActiveCfg = Debug|Any CPU
		{E2355E33-5019-4079-9309-7385D9C933AD}.Debug|Any CPU.Build.0 = Debug|Any CPU
		{E2355E33-5019-4079-9309-7385D9C933AD}.Release|Any CPU.ActiveCfg = Release|Any CPU
		{E2355E33-5019-4079-9309-7385D9C933AD}.Release|Any CPU.Build.0 = Release|Any CPU
		{8AF905CA-49A4-47DB-AD2C-3AA10AB5FE46}.Debug|Any CPU.ActiveCfg = Debug|Any CPU
		{8AF905CA-49A4-47DB-AD2C-3AA10AB5FE46}.Debug|Any CPU.Build.0 = Debug|Any CPU
		{8AF905CA-49A4-47DB-AD2C-3AA10AB5FE46}.Release|Any CPU.ActiveCfg = Release|Any CPU
		{8AF905CA-49A4-47DB-AD2C-3AA10AB5FE46}.Release|Any CPU.Build.0 = Release|Any CPU
		{9B510E3F-D4FD-4D56-8D79-68EB8A7EC714}.Debug|Any CPU.ActiveCfg = Debug|Any CPU
		{9B510E3F-D4FD-4D56-8D79-68EB8A7EC714}.Debug|Any CPU.Build.0 = Debug|Any CPU
		{9B510E3F-D4FD-4D56-8D79-68EB8A7EC714}.Release|Any CPU.ActiveCfg = Release|Any CPU
		{9B510E3F-D4FD-4D56-8D79-68EB8A7EC714}.Release|Any CPU.Build.0 = Release|Any CPU
		{D1DDC8BC-FD9E-4D67-B76A-B80D257B140B}.Debug|Any CPU.ActiveCfg = Debug|Any CPU
		{D1DDC8BC-FD9E-4D67-B76A-B80D257B140B}.Debug|Any CPU.Build.0 = Debug|Any CPU
		{D1DDC8BC-FD9E-4D67-B76A-B80D257B140B}.Release|Any CPU.ActiveCfg = Release|Any CPU
		{D1DDC8BC-FD9E-4D67-B76A-B80D257B140B}.Release|Any CPU.Build.0 = Release|Any CPU
		{0CD22056-BAB0-45CC-95CD-EF7527F17063}.Debug|Any CPU.ActiveCfg = Debug|Any CPU
		{0CD22056-BAB0-45CC-95CD-EF7527F17063}.Debug|Any CPU.Build.0 = Debug|Any CPU
		{0CD22056-BAB0-45CC-95CD-EF7527F17063}.Release|Any CPU.ActiveCfg = Release|Any CPU
		{0CD22056-BAB0-45CC-95CD-EF7527F17063}.Release|Any CPU.Build.0 = Release|Any CPU
		{F213EDAA-9689-487E-A616-5DD8671618DC}.Debug|Any CPU.ActiveCfg = Debug|Any CPU
		{F213EDAA-9689-487E-A616-5DD8671618DC}.Debug|Any CPU.Build.0 = Debug|Any CPU
		{F213EDAA-9689-487E-A616-5DD8671618DC}.Release|Any CPU.ActiveCfg = Release|Any CPU
		{F213EDAA-9689-487E-A616-5DD8671618DC}.Release|Any CPU.Build.0 = Release|Any CPU
		{9B2473B1-E01B-4254-8A9C-D9EABF002499}.Debug|Any CPU.ActiveCfg = Debug|Any CPU
		{9B2473B1-E01B-4254-8A9C-D9EABF002499}.Debug|Any CPU.Build.0 = Debug|Any CPU
		{9B2473B1-E01B-4254-8A9C-D9EABF002499}.Release|Any CPU.ActiveCfg = Release|Any CPU
		{9B2473B1-E01B-4254-8A9C-D9EABF002499}.Release|Any CPU.Build.0 = Release|Any CPU
		{169AA89A-C977-4B71-9950-DBA7940A46CB}.Debug|Any CPU.ActiveCfg = Debug|Any CPU
		{169AA89A-C977-4B71-9950-DBA7940A46CB}.Debug|Any CPU.Build.0 = Debug|Any CPU
		{169AA89A-C977-4B71-9950-DBA7940A46CB}.Release|Any CPU.ActiveCfg = Release|Any CPU
		{169AA89A-C977-4B71-9950-DBA7940A46CB}.Release|Any CPU.Build.0 = Release|Any CPU
		{10619AD3-BD78-4097-BA48-8E7E730B019A}.Debug|Any CPU.ActiveCfg = Debug|Any CPU
		{10619AD3-BD78-4097-BA48-8E7E730B019A}.Debug|Any CPU.Build.0 = Debug|Any CPU
		{10619AD3-BD78-4097-BA48-8E7E730B019A}.Release|Any CPU.ActiveCfg = Release|Any CPU
		{10619AD3-BD78-4097-BA48-8E7E730B019A}.Release|Any CPU.Build.0 = Release|Any CPU
		{42081E08-0062-4A3D-BACB-D53248CDBAAF}.Debug|Any CPU.ActiveCfg = Debug|Any CPU
		{42081E08-0062-4A3D-BACB-D53248CDBAAF}.Debug|Any CPU.Build.0 = Debug|Any CPU
		{42081E08-0062-4A3D-BACB-D53248CDBAAF}.Release|Any CPU.ActiveCfg = Release|Any CPU
		{42081E08-0062-4A3D-BACB-D53248CDBAAF}.Release|Any CPU.Build.0 = Release|Any CPU
		{996E14C8-5569-438D-907C-3D1FA463720A}.Debug|Any CPU.ActiveCfg = Debug|Any CPU
		{996E14C8-5569-438D-907C-3D1FA463720A}.Debug|Any CPU.Build.0 = Debug|Any CPU
		{996E14C8-5569-438D-907C-3D1FA463720A}.Release|Any CPU.ActiveCfg = Release|Any CPU
		{996E14C8-5569-438D-907C-3D1FA463720A}.Release|Any CPU.Build.0 = Release|Any CPU
	EndGlobalSection
	GlobalSection(SolutionProperties) = preSolution
		HideSolutionNode = FALSE
	EndGlobalSection
	GlobalSection(ExtensibilityGlobals) = postSolution
		SolutionGuid = {84272C3A-4F93-4161-A892-81BACC0CB7E2}
	EndGlobalSection
EndGlobal
